
Microsoft Visual Studio Solution File, Format Version 12.00
# Visual Studio Version 16
VisualStudioVersion = 16.0.32106.194
MinimumVisualStudioVersion = 10.0.40219.1
Project("{8BC9CEB8-8B4A-11D0-8D11-00A0C91BC942}") = "SFML_2.5.1_study", "SFML_2.5.1_study.vcxproj", "{71C43A75-5D65-431F-A0CF-8FF400DD1C86}"
EndProject
Global
	GlobalSection(SolutionConfigurationPlatforms) = preSolution
		Debug|x64 = Debug|x64
		Debug|x86 = Debug|x86
		Release|x64 = Release|x64
		Release|x86 = Release|x86
	EndGlobalSection
	GlobalSection(ProjectConfigurationPlatforms) = postSolution
		{71C43A75-5D65-431F-A0CF-8FF400DD1C86}.Debug|x64.ActiveCfg = Debug|x64
		{71C43A75-5D65-431F-A0CF-8FF400DD1C86}.Debug|x64.Build.0 = Debug|x64
		{71C43A75-5D65-431F-A0CF-8FF400DD1C86}.Debug|x86.ActiveCfg = Debug|Win32
		{71C43A75-5D65-431F-A0CF-8FF400DD1C86}.Debug|x86.Build.0 = Debug|Win32
		{71C43A75-5D65-431F-A0CF-8FF400DD1C86}.Release|x64.ActiveCfg = Release|x64
		{71C43A75-5D65-431F-A0CF-8FF400DD1C86}.Release|x64.Build.0 = Release|x64
		{71C43A75-5D65-431F-A0CF-8FF400DD1C86}.Release|x86.ActiveCfg = Release|Win32
		{71C43A75-5D65-431F-A0CF-8FF400DD1C86}.Release|x86.Build.0 = Release|Win32
	EndGlobalSection
	GlobalSection(SolutionProperties) = preSolution
		HideSolutionNode = FALSE
	EndGlobalSection
	GlobalSection(ExtensibilityGlobals) = postSolution
		SolutionGuid = {93B946D5-EF32-4B92-89B4-E603203E53B2}
	EndGlobalSection
EndGlobal
